{
  "requires": true,
  "lockfileVersion": 1,
  "dependencies": {
    "async": {
      "version": "2.6.1",
      "resolved": "http://192.168.31.62:4873/async/-/async-2.6.1.tgz",
      "integrity": "sha1-skWiPKcZMAROxT+kaqAKPofGphA=",
      "requires": {
        "lodash": "4.17.11"
      }
    },
    "bluebird": {
      "version": "3.5.1",
      "resolved": "http://192.168.31.62:4873/bluebird/-/bluebird-3.5.1.tgz",
      "integrity": "sha1-2VUfnemPH82h5oPRfukaBgLuLrk="
    },
    "bson": {
      "version": "1.1.1",
      "resolved": "http://192.168.31.62:4873/bson/-/bson-1.1.1.tgz",
      "integrity": "sha1-QzD16ZEExOdR5zUYWeLUCCefLxM="
    },
    "debug": {
      "version": "3.1.0",
      "resolved": "http://192.168.31.62:4873/debug/-/debug-3.1.0.tgz",
      "integrity": "sha1-W7WgZyYotkFJVmuhaBnmFRjGcmE=",
      "requires": {
        "ms": "2.0.0"
      },
      "dependencies": {
        "ms": {
          "version": "2.0.0",
          "resolved": "http://192.168.31.62:4873/ms/-/ms-2.0.0.tgz",
          "integrity": "sha1-VgiurfwAvmwpAd9fmGF4jeDVl8g="
        }
      }
    },
    "kareem": {
      "version": "2.3.0",
      "resolved": "http://192.168.31.62:4873/kareem/-/kareem-2.3.0.tgz",
      "integrity": "sha1-7zPELpAk3OUR7q9EDNaE868fx2k="
    },
    "lodash": {
      "version": "4.17.11",
      "resolved": "http://192.168.31.62:4873/lodash/-/lodash-4.17.11.tgz",
      "integrity": "sha1-s56mIp72B+zYniyN8SU2iRysm40="
    },
    "memory-pager": {
      "version": "1.5.0",
      "resolved": "http://192.168.31.62:4873/memory-pager/-/memory-pager-1.5.0.tgz",
      "integrity": "sha1-2HUWVdItOEaCdByXLyw9bfo+ZrU=",
      "optional": true
    },
    "mongodb": {
      "version": "3.1.13",
      "resolved": "http://192.168.31.62:4873/mongodb/-/mongodb-3.1.13.tgz",
      "integrity": "sha1-+M3Ls2rXoItXC9EnHIUldT91+fQ=",
      "requires": {
        "mongodb-core": "3.1.11",
        "safe-buffer": "5.1.2"
      }
    },
    "mongodb-core": {
      "version": "3.1.11",
      "resolved": "http://192.168.31.62:4873/mongodb-core/-/mongodb-core-3.1.11.tgz",
      "integrity": "sha1-slMDjbtNcynz0cLuVAC7DJIh/eU=",
      "requires": {
        "bson": "1.1.1",
        "require_optional": "1.0.1",
        "safe-buffer": "5.1.2",
        "saslprep": "1.0.2"
      }
    },
    "mongoose": {
      "version": "5.4.19",
      "resolved": "http://192.168.31.62:4873/mongoose/-/mongoose-5.4.19.tgz",
      "integrity": "sha1-/cqU7n9x2izw6UHQIlWqAgB8VcA=",
      "requires": {
        "async": "2.6.1",
        "bson": "1.1.1",
        "kareem": "2.3.0",
        "mongodb": "3.1.13",
        "mongodb-core": "3.1.11",
        "mongoose-legacy-pluralize": "1.0.2",
        "mpath": "0.5.1",
        "mquery": "3.2.0",
        "ms": "2.1.1",
        "regexp-clone": "0.0.1",
        "safe-buffer": "5.1.2",
        "sliced": "1.0.1"
      }
    },
    "mongoose-legacy-pluralize": {
      "version": "1.0.2",
      "resolved": "http://192.168.31.62:4873/mongoose-legacy-pluralize/-/mongoose-legacy-pluralize-1.0.2.tgz",
      "integrity": "sha1-O6n5H6UHtRhtOZ+0CFS/8Y+1Y+Q="
    },
    "mpath": {
      "version": "0.5.1",
      "resolved": "http://192.168.31.62:4873/mpath/-/mpath-0.5.1.tgz",
      "integrity": "sha1-FxMVAfH/nm5PvI/6h1qnBltXdas="
    },
    "mquery": {
      "version": "3.2.0",
      "resolved": "http://192.168.31.62:4873/mquery/-/mquery-3.2.0.tgz",
      "integrity": "sha1-4nZHKr1RCWhqFesqjgdh24E8gcw=",
      "requires": {
        "bluebird": "3.5.1",
        "debug": "3.1.0",
        "regexp-clone": "0.0.1",
        "safe-buffer": "5.1.2",
        "sliced": "1.0.1"
      }
    },
    "ms": {
      "version": "2.1.1",
      "resolved": "http://192.168.31.62:4873/ms/-/ms-2.1.1.tgz",
      "integrity": "sha1-MKWGTrPrsKZvLr5tcnrwagnYbgo="
    },
    "regexp-clone": {
      "version": "0.0.1",
      "resolved": "http://192.168.31.62:4873/regexp-clone/-/regexp-clone-0.0.1.tgz",
      "integrity": "sha1-p8LgmJH9vzj7sQ03b7cwA+aKxYk="
    },
    "require_optional": {
      "version": "1.0.1",
      "resolved": "http://192.168.31.62:4873/require_optional/-/require_optional-1.0.1.tgz",
      "integrity": "sha1-TPNaQkf2TKPfjC7yCMxJSxyo/C4=",
      "requires": {
        "resolve-from": "2.0.0",
        "semver": "5.6.0"
      }
    },
    "resolve-from": {
      "version": "2.0.0",
      "resolved": "http://192.168.31.62:4873/resolve-from/-/resolve-from-2.0.0.tgz",
      "integrity": "sha1-lICrIOlP+h2egKgEx+oUdhGWa1c="
    },
    "safe-buffer": {
      "version": "5.1.2",
      "resolved": "http://192.168.31.62:4873/safe-buffer/-/safe-buffer-5.1.2.tgz",
      "integrity": "sha1-mR7GnSluAxN0fVm9/St0XDX4go0="
    },
    "saslprep": {
      "version": "1.0.2",
      "resolved": "http://192.168.31.62:4873/saslprep/-/saslprep-1.0.2.tgz",
      "integrity": "sha1-2lq5NubqC7rpEf/sd1NL43DJ9S0=",
      "optional": true,
      "requires": {
        "sparse-bitfield": "3.0.3"
      }
    },
    "semver": {
      "version": "5.6.0",
      "resolved": "http://192.168.31.62:4873/semver/-/semver-5.6.0.tgz",
      "integrity": "sha1-fnQlb7qknHWqfHogXMInmcrIAAQ="
    },
    "sliced": {
      "version": "1.0.1",
      "resolved": "http://192.168.31.62:4873/sliced/-/sliced-1.0.1.tgz",
      "integrity": "sha1-CzpmK10Ewxd7GSa+qCsD+Dei70E="
    },
    "sparse-bitfield": {
      "version": "3.0.3",
      "resolved": "http://192.168.31.62:4873/sparse-bitfield/-/sparse-bitfield-3.0.3.tgz",
      "integrity": "sha1-/0rm5oZWBWuks+eSqzM004JzyhE=",
      "optional": true,
      "requires": {
        "memory-pager": "1.5.0"
      }
    }
  }
}
